
Microsoft Visual Studio Solution File, Format Version 12.00
# Visual Studio 15
VisualStudioVersion = 15.0.26403.7
MinimumVisualStudioVersion = 10.0.40219.1
Project("{FAE04EC0-301F-11D3-BF4B-00C04F79EFBC}") = "sistemaFacturacionPantallasPrincipales", "sistemaFacturacionPantallasPrincipales\sistemaFacturacionPantallasPrincipales.csproj", "{7CA6AA47-B979-4480-A07A-9B6C8AF50E27}"
EndProject
Project("{FAE04EC0-301F-11D3-BF4B-00C04F79EFBC}") = "pantallaPesasLiquidaciones", "pantallaPesasLiquidaciones\pantallaPesasLiquidaciones.csproj", "{A7E08716-1A9A-4CFF-AF07-B9C8AFE19F2F}"
EndProject
Project("{FAE04EC0-301F-11D3-BF4B-00C04F79EFBC}") = "pantallaDatosApp", "pantallaDatosApp\pantallaDatosApp.csproj", "{433AE06F-4F77-416F-9CBA-84E2C84F8540}"
EndProject
Project("{2150E333-8FDC-42A3-9474-1A3956D46DE8}") = "Pantallas", "Pantallas", "{B994C519-9DBB-4D26-A603-15BABB141848}"
EndProject
Project("{FAE04EC0-301F-11D3-BF4B-00C04F79EFBC}") = "FacturaElectronicaCR_CS", "FacturaElectronicaCR_CS\FacturaElectronicaCR_CS.csproj", "{AFA0696F-555B-4459-BEC8-E98F2CAD9076}"
EndProject
Project("{FAE04EC0-301F-11D3-BF4B-00C04F79EFBC}") = "pantallaReportes", "pantallaReportes\pantallaReportes.csproj", "{8D7E6FA9-6372-4A3B-B0B3-5B7E41F359D0}"
EndProject
Global
	GlobalSection(SolutionConfigurationPlatforms) = preSolution
		Debug|Any CPU = Debug|Any CPU
		Release|Any CPU = Release|Any CPU
	EndGlobalSection
	GlobalSection(ProjectConfigurationPlatforms) = postSolution
		{7CA6AA47-B979-4480-A07A-9B6C8AF50E27}.Debug|Any CPU.ActiveCfg = Debug|Any CPU
		{7CA6AA47-B979-4480-A07A-9B6C8AF50E27}.Debug|Any CPU.Build.0 = Debug|Any CPU
		{7CA6AA47-B979-4480-A07A-9B6C8AF50E27}.Release|Any CPU.ActiveCfg = Release|Any CPU
		{7CA6AA47-B979-4480-A07A-9B6C8AF50E27}.Release|Any CPU.Build.0 = Release|Any CPU
		{A7E08716-1A9A-4CFF-AF07-B9C8AFE19F2F}.Debug|Any CPU.ActiveCfg = Debug|Any CPU
		{A7E08716-1A9A-4CFF-AF07-B9C8AFE19F2F}.Debug|Any CPU.Build.0 = Debug|Any CPU
		{A7E08716-1A9A-4CFF-AF07-B9C8AFE19F2F}.Release|Any CPU.ActiveCfg = Release|Any CPU
		{A7E08716-1A9A-4CFF-AF07-B9C8AFE19F2F}.Release|Any CPU.Build.0 = Release|Any CPU
		{433AE06F-4F77-416F-9CBA-84E2C84F8540}.Debug|Any CPU.ActiveCfg = Debug|Any CPU
		{433AE06F-4F77-416F-9CBA-84E2C84F8540}.Debug|Any CPU.Build.0 = Debug|Any CPU
		{433AE06F-4F77-416F-9CBA-84E2C84F8540}.Release|Any CPU.ActiveCfg = Release|Any CPU
		{433AE06F-4F77-416F-9CBA-84E2C84F8540}.Release|Any CPU.Build.0 = Release|Any CPU
		{AFA0696F-555B-4459-BEC8-E98F2CAD9076}.Debug|Any CPU.ActiveCfg = Debug|Any CPU
		{AFA0696F-555B-4459-BEC8-E98F2CAD9076}.Debug|Any CPU.Build.0 = Debug|Any CPU
		{AFA0696F-555B-4459-BEC8-E98F2CAD9076}.Release|Any CPU.ActiveCfg = Release|Any CPU
		{AFA0696F-555B-4459-BEC8-E98F2CAD9076}.Release|Any CPU.Build.0 = Release|Any CPU
		{8D7E6FA9-6372-4A3B-B0B3-5B7E41F359D0}.Debug|Any CPU.ActiveCfg = Debug|Any CPU
		{8D7E6FA9-6372-4A3B-B0B3-5B7E41F359D0}.Debug|Any CPU.Build.0 = Debug|Any CPU
		{8D7E6FA9-6372-4A3B-B0B3-5B7E41F359D0}.Release|Any CPU.ActiveCfg = Release|Any CPU
		{8D7E6FA9-6372-4A3B-B0B3-5B7E41F359D0}.Release|Any CPU.Build.0 = Release|Any CPU
	EndGlobalSection
	GlobalSection(SolutionProperties) = preSolution
		HideSolutionNode = FALSE
	EndGlobalSection
	GlobalSection(NestedProjects) = preSolution
		{7CA6AA47-B979-4480-A07A-9B6C8AF50E27} = {B994C519-9DBB-4D26-A603-15BABB141848}
		{A7E08716-1A9A-4CFF-AF07-B9C8AFE19F2F} = {B994C519-9DBB-4D26-A603-15BABB141848}
		{433AE06F-4F77-416F-9CBA-84E2C84F8540} = {B994C519-9DBB-4D26-A603-15BABB141848}
		{AFA0696F-555B-4459-BEC8-E98F2CAD9076} = {B994C519-9DBB-4D26-A603-15BABB141848}
		{8D7E6FA9-6372-4A3B-B0B3-5B7E41F359D0} = {B994C519-9DBB-4D26-A603-15BABB141848}
	EndGlobalSection
	GlobalSection(ExtensibilityGlobals) = postSolution
		SolutionGuid = {FA73DE71-F875-441A-A7F6-EBA8B216454C}
	EndGlobalSection
EndGlobal
